{
  "originHash" : "7a50814a7bfdab888b2890bbb1f9af495f5b10bb88a69a41a532bf6a31af1a0f",
  "pins" : [
    {
      "identity" : "tun2sockskit",
      "kind" : "remoteSourceControl",
      "location" : "https://github.com/blueboy-tm/Tun2SocksKit",
      "state" : {
        "revision" : "3ffef21435e14c417d9c134b2d5fb0827b160d42",
        "version" : "4.7.6"
      }
    }
  ],
  "version" : 3
}
